// !$*UTF8*$!
{
	archiveVersion = 1;
	classes = {
	};
	objectVersion = 50;
	objects = {

/* Begin PBXBuildFile section */
		C1766D98241E702500CD1376 /* SceneDelegate.swift in Sources */ = {isa = PBXBuildFile; fileRef = C1766D97241E702500CD1376 /* SceneDelegate.swift */; };
		C1766D9A241E75AA00CD1376 /* ViewController.swift in Sources */ = {isa = PBXBuildFile; fileRef = C1766D99241E75A900CD1376 /* ViewController.swift */; };
		C1974F4E2427B05B00E8A1FE /* WeatherData.swift in Sources */ = {isa = PBXBuildFile; fileRef = C1974F4D2427B05B00E8A1FE /* WeatherData.swift */; };
		C1974F502427B09600E8A1FE /* WeatherModel.swift in Sources */ = {isa = PBXBuildFile; fileRef = C1974F4F2427B09600E8A1FE /* WeatherModel.swift */; };
		C1974F522427B0A500E8A1FE /* WeatherService.swift in Sources */ = {isa = PBXBuildFile; fileRef = C1974F512427B0A500E8A1FE /* WeatherService.swift */; };
		C1981BFE241D321400CEE4F1 /* AppDelegate.swift in Sources */ = {isa = PBXBuildFile; fileRef = C1981BFD241D321400CEE4F1 /* AppDelegate.swift */; };
		C1981C07241D321500CEE4F1 /* Assets.xcassets in Resources */ = {isa = PBXBuildFile; fileRef = C1981C06241D321500CEE4F1 /* Assets.xcassets */; };
		C1981C0A241D321500CEE4F1 /* LaunchScreen.storyboard in Resources */ = {isa = PBXBuildFile; fileRef = C1981C08241D321500CEE4F1 /* LaunchScreen.storyboard */; };
		C1A07FED24227DD6001BE607 /* UIElement.swift in Sources */ = {isa = PBXBuildFile; fileRef = C1A07FEC24227DD6001BE607 /* UIElement.swift */; };
/* End PBXBuildFile section */

/* Begin PBXFileReference section */
		C1766D97241E702500CD1376 /* SceneDelegate.swift */ = {isa = PBXFileReference; fileEncoding = 4; lastKnownFileType = sourcecode.swift; path = SceneDelegate.swift; sourceTree = "<group>"; };
		C1766D99241E75A900CD1376 /* ViewController.swift */ = {isa = PBXFileReference; fileEncoding = 4; lastKnownFileType = sourcecode.swift; path = ViewController.swift; sourceTree = "<group>"; };
		C1974F4D2427B05B00E8A1FE /* WeatherData.swift */ = {isa = PBXFileReference; lastKnownFileType = sourcecode.swift; path = WeatherData.swift; sourceTree = "<group>"; };
		C1974F4F2427B09600E8A1FE /* WeatherModel.swift */ = {isa = PBXFileReference; lastKnownFileType = sourcecode.swift; path = WeatherModel.swift; sourceTree = "<group>"; };
		C1974F512427B0A500E8A1FE /* WeatherService.swift */ = {isa = PBXFileReference; lastKnownFileType = sourcecode.swift; path = WeatherService.swift; sourceTree = "<group>"; };
		C1981BFA241D321400CEE4F1 /* Weather.app */ = {isa = PBXFileReference; explicitFileType = wrapper.application; includeInIndex = 0; path = Weather.app; sourceTree = BUILT_PRODUCTS_DIR; };
		C1981BFD241D321400CEE4F1 /* AppDelegate.swift */ = {isa = PBXFileReference; lastKnownFileType = sourcecode.swift; path = AppDelegate.swift; sourceTree = "<group>"; };
		C1981C06241D321500CEE4F1 /* Assets.xcassets */ = {isa = PBXFileReference; lastKnownFileType = folder.assetcatalog; path = Assets.xcassets; sourceTree = "<group>"; };
		C1981C09241D321500CEE4F1 /* Base */ = {isa = PBXFileReference; lastKnownFileType = file.storyboard; name = Base; path = Base.lproj/LaunchScreen.storyboard; sourceTree = "<group>"; };
		C1981C0B241D321500CEE4F1 /* Info.plist */ = {isa = PBXFileReference; lastKnownFileType = text.plist.xml; path = Info.plist; sourceTree = "<group>"; };
		C1981C11241D321D00CEE4F1 /* Weather.entitlements */ = {isa = PBXFileReference; lastKnownFileType = text.plist.entitlements; path = Weather.entitlements; sourceTree = "<group>"; };
		C1A07FEC24227DD6001BE607 /* UIElement.swift */ = {isa = PBXFileReference; lastKnownFileType = sourcecode.swift; path = UIElement.swift; sourceTree = "<group>"; };
/* End PBXFileReference section */

/* Begin PBXFrameworksBuildPhase section */
		C1981BF7241D321400CEE4F1 /* Frameworks */ = {
			isa = PBXFrameworksBuildPhase;
			buildActionMask = 2147483647;
			files = (
			);
			runOnlyForDeploymentPostprocessing = 0;
		};
/* End PBXFrameworksBuildPhase section */

/* Begin PBXGroup section */
		C1766D90241E6B1600CD1376 /* Support */ = {
			isa = PBXGroup;
			children = (
				C1981C11241D321D00CEE4F1 /* Weather.entitlements */,
				C1981BFD241D321400CEE4F1 /* AppDelegate.swift */,
				C1766D97241E702500CD1376 /* SceneDelegate.swift */,
				C1981C06241D321500CEE4F1 /* Assets.xcassets */,
				C1981C0B241D321500CEE4F1 /* Info.plist */,
			);
			name = Support;
			sourceTree = "<group>";
		};
		C1766D92241E6BFC00CD1376 /* Controller */ = {
			isa = PBXGroup;
			children = (
				C1766D99241E75A900CD1376 /* ViewController.swift */,
			);
			path = Controller;
			sourceTree = "<group>";
		};
		C1766D93241E6C2300CD1376 /* View */ = {
			isa = PBXGroup;
			children = (
				C1981C08241D321500CEE4F1 /* LaunchScreen.storyboard */,
				C1A07FEC24227DD6001BE607 /* UIElement.swift */,
			);
			path = View;
			sourceTree = "<group>";
		};
		C1766D94241E6C4700CD1376 /* Model */ = {
			isa = PBXGroup;
			children = (
				C1974F4F2427B09600E8A1FE /* WeatherModel.swift */,
				C1974F4D2427B05B00E8A1FE /* WeatherData.swift */,
				C1974F512427B0A500E8A1FE /* WeatherService.swift */,
			);
			path = Model;
			sourceTree = "<group>";
		};
		C1981BF1241D321400CEE4F1 = {
			isa = PBXGroup;
			children = (
				C1981BFC241D321400CEE4F1 /* Weather */,
				C1981BFB241D321400CEE4F1 /* Products */,
			);
			sourceTree = "<group>";
		};
		C1981BFB241D321400CEE4F1 /* Products */ = {
			isa = PBXGroup;
			children = (
				C1981BFA241D321400CEE4F1 /* Weather.app */,
			);
			name = Products;
			sourceTree = "<group>";
		};
		C1981BFC241D321400CEE4F1 /* Weather */ = {
			isa = PBXGroup;
			children = (
				C1766D90241E6B1600CD1376 /* Support */,
				C1766D94241E6C4700CD1376 /* Model */,
				C1766D93241E6C2300CD1376 /* View */,
				C1766D92241E6BFC00CD1376 /* Controller */,
			);
			path = Weather;
			sourceTree = "<group>";
		};
/* End PBXGroup section */

/* Begin PBXNativeTarget section */
		C1981BF9241D321400CEE4F1 /* Weather */ = {
			isa = PBXNativeTarget;
			buildConfigurationList = C1981C0E241D321500CEE4F1 /* Build configuration list for PBXNativeTarget "Weather" */;
			buildPhases = (
				C1981BF6241D321400CEE4F1 /* Sources */,
				C1981BF7241D321400CEE4F1 /* Frameworks */,
				C1981BF8241D321400CEE4F1 /* Resources */,
			);
			buildRules = (
			);
			dependencies = (
			);
			name = Weather;
			productName = Weather;
			productReference = C1981BFA241D321400CEE4F1 /* Weather.app */;
			productType = "com.apple.product-type.application";
		};
/* End PBXNativeTarget section */

/* Begin PBXProject section */
		C1981BF2241D321400CEE4F1 /* Project object */ = {
			isa = PBXProject;
			attributes = {
				LastSwiftUpdateCheck = 1130;
				LastUpgradeCheck = 1130;
				ORGANIZATIONNAME = "Mehdi Abdi";
				TargetAttributes = {
					C1981BF9241D321400CEE4F1 = {
						CreatedOnToolsVersion = 11.3;
					};
				};
			};
			buildConfigurationList = C1981BF5241D321400CEE4F1 /* Build configuration list for PBXProject "Weather" */;
			compatibilityVersion = "Xcode 9.3";
			developmentRegion = en;
			hasScannedForEncodings = 0;
			knownRegions = (
				en,
				Base,
			);
			mainGroup = C1981BF1241D321400CEE4F1;
			productRefGroup = C1981BFB241D321400CEE4F1 /* Products */;
			projectDirPath = "";
			projectRoot = "";
			targets = (
				C1981BF9241D321400CEE4F1 /* Weather */,
			);
		};
/* End PBXProject section */

/* Begin PBXResourcesBuildPhase section */
		C1981BF8241D321400CEE4F1 /* Resources */ = {
			isa = PBXResourcesBuildPhase;
			buildActionMask = 2147483647;
			files = (
				C1981C0A241D321500CEE4F1 /* LaunchScreen.storyboard in Resources */,
				C1981C07241D321500CEE4F1 /* Assets.xcassets in Resources */,
			);
			runOnlyForDeploymentPostprocessing = 0;
		};
/* End PBXResourcesBuildPhase section */

/* Begin PBXSourcesBuildPhase section */
		C1981BF6241D321400CEE4F1 /* Sources */ = {
			isa = PBXSourcesBuildPhase;
			buildActionMask = 2147483647;
			files = (
				C1766D9A241E75AA00CD1376 /* ViewController.swift in Sources */,
				C1974F4E2427B05B00E8A1FE /* WeatherData.swift in Sources */,
				C1981BFE241D321400CEE4F1 /* AppDelegate.swift in Sources */,
				C1A07FED24227DD6001BE607 /* UIElement.swift in Sources */,
				C1974F502427B09600E8A1FE /* WeatherModel.swift in Sources */,
				C1766D98241E702500CD1376 /* SceneDelegate.swift in Sources */,
				C1974F522427B0A500E8A1FE /* WeatherService.swift in Sources */,
			);
			runOnlyForDeploymentPostprocessing = 0;
		};
/* End PBXSourcesBuildPhase section */

/* Begin PBXVariantGroup section */
		C1981C08241D321500CEE4F1 /* LaunchScreen.storyboard */ = {
			isa = PBXVariantGroup;
			children = (
				C1981C09241D321500CEE4F1 /* Base */,
			);
			name = LaunchScreen.storyboard;
			sourceTree = "<group>";
		};
/* End PBXVariantGroup section */

/* Begin XCBuildConfiguration section */
		C1981C0C241D321500CEE4F1 /* Debug */ = {
			isa = XCBuildConfiguration;
			buildSettings = {
				ALWAYS_SEARCH_USER_PATHS = NO;
				CLANG_ANALYZER_NONNULL = YES;
				CLANG_ANALYZER_NUMBER_OBJECT_CONVERSION = YES_AGGRESSIVE;
				CLANG_CXX_LANGUAGE_STANDARD = "gnu++14";
				CLANG_CXX_LIBRARY = "libc++";
				CLANG_ENABLE_MODULES = YES;
				CLANG_ENABLE_OBJC_ARC = YES;
				CLANG_ENABLE_OBJC_WEAK = YES;
				CLANG_WARN_BLOCK_CAPTURE_AUTORELEASING = YES;
				CLANG_WARN_BOOL_CONVERSION = YES;
				CLANG_WARN_COMMA = YES;
				CLANG_WARN_CONSTANT_CONVERSION = YES;
				CLANG_WARN_DEPRECATED_OBJC_IMPLEMENTATIONS = YES;
				CLANG_WARN_DIRECT_OBJC_ISA_USAGE = YES_ERROR;
				CLANG_WARN_DOCUMENTATION_COMMENTS = YES;
				CLANG_WARN_EMPTY_BODY = YES;
				CLANG_WARN_ENUM_CONVERSION = YES;
				CLANG_WARN_INFINITE_RECURSION = YES;
				CLANG_WARN_INT_CONVERSION = YES;
				CLANG_WARN_NON_LITERAL_NULL_CONVERSION = YES;
				CLANG_WARN_OBJC_IMPLICIT_RETAIN_SELF = YES;
				CLANG_WARN_OBJC_LITERAL_CONVERSION = YES;
				CLANG_WARN_OBJC_ROOT_CLASS = YES_ERROR;
				CLANG_WARN_RANGE_LOOP_ANALYSIS = YES;
				CLANG_WARN_STRICT_PROTOTYPES = YES;
				CLANG_WARN_SUSPICIOUS_MOVE = YES;
				CLANG_WARN_UNGUARDED_AVAILABILITY = YES_AGGRESSIVE;
				CLANG_WARN_UNREACHABLE_CODE = YES;
				CLANG_WARN__DUPLICATE_METHOD_MATCH = YES;
				COPY_PHASE_STRIP = NO;
				DEBUG_INFORMATION_FORMAT = dwarf;
				ENABLE_STRICT_OBJC_MSGSEND = YES;
				ENABLE_TESTABILITY = YES;
				GCC_C_LANGUAGE_STANDARD = gnu11;
				GCC_DYNAMIC_NO_PIC = NO;
				GCC_NO_COMMON_BLOCKS = YES;
				GCC_OPTIMIZATION_LEVEL = 0;
				GCC_PREPROCESSOR_DEFINITIONS = (
					"DEBUG=1",
					"$(inherited)",
				);
				GCC_WARN_64_TO_32_BIT_CONVERSION = YES;
				GCC_WARN_ABOUT_RETURN_TYPE = YES_ERROR;
				GCC_WARN_UNDECLARED_SELECTOR = YES;
				GCC_WARN_UNINITIALIZED_AUTOS = YES_AGGRESSIVE;
				GCC_WARN_UNUSED_FUNCTION = YES;
				GCC_WARN_UNUSED_VARIABLE = YES;
				IPHONEOS_DEPLOYMENT_TARGET = 13.2;
				MTL_ENABLE_DEBUG_INFO = INCLUDE_SOURCE;
				MTL_FAST_MATH = YES;
				ONLY_ACTIVE_ARCH = YES;
				SDKROOT = iphoneos;
				SWIFT_ACTIVE_COMPILATION_CONDITIONS = DEBUG;
				SWIFT_OPTIMIZATION_LEVEL = "-Onone";
			};
			name = Debug;
		};
		C1981C0D241D321500CEE4F1 /* Release */ = {
			isa = XCBuildConfiguration;
			buildSettings = {
				ALWAYS_SEARCH_USER_PATHS = NO;
				CLANG_ANALYZER_NONNULL = YES;
				CLANG_ANALYZER_NUMBER_OBJECT_CONVERSION = YES_AGGRESSIVE;
				CLANG_CXX_LANGUAGE_STANDARD = "gnu++14";
				CLANG_CXX_LIBRARY = "libc++";
				CLANG_ENABLE_MODULES = YES;
				CLANG_ENABLE_OBJC_ARC = YES;
				CLANG_ENABLE_OBJC_WEAK = YES;
				CLANG_WARN_BLOCK_CAPTURE_AUTORELEASING = YES;
				CLANG_WARN_BOOL_CONVERSION = YES;
				CLANG_WARN_COMMA = YES;
				CLANG_WARN_CONSTANT_CONVERSION = YES;
				CLANG_WARN_DEPRECATED_OBJC_IMPLEMENTATIONS = YES;
				CLANG_WARN_DIRECT_OBJC_ISA_USAGE = YES_ERROR;
				CLANG_WARN_DOCUMENTATION_COMMENTS = YES;
				CLANG_WARN_EMPTY_BODY = YES;
				CLANG_WARN_ENUM_CONVERSION = YES;
				CLANG_WARN_INFINITE_RECURSION = YES;
				CLANG_WARN_INT_CONVERSION = YES;
				CLANG_WARN_NON_LITERAL_NULL_CONVERSION = YES;
				CLANG_WARN_OBJC_IMPLICIT_RETAIN_SELF = YES;
				CLANG_WARN_OBJC_LITERAL_CONVERSION = YES;
				CLANG_WARN_OBJC_ROOT_CLASS = YES_ERROR;
				CLANG_WARN_RANGE_LOOP_ANALYSIS = YES;
				CLANG_WARN_STRICT_PROTOTYPES = YES;
				CLANG_WARN_SUSPICIOUS_MOVE = YES;
				CLANG_WARN_UNGUARDED_AVAILABILITY = YES_AGGRESSIVE;
				CLANG_WARN_UNREACHABLE_CODE = YES;
				CLANG_WARN__DUPLICATE_METHOD_MATCH = YES;
				COPY_PHASE_STRIP = NO;
				DEBUG_INFORMATION_FORMAT = "dwarf-with-dsym";
				ENABLE_NS_ASSERTIONS = NO;
				ENABLE_STRICT_OBJC_MSGSEND = YES;
				GCC_C_LANGUAGE_STANDARD = gnu11;
				GCC_NO_COMMON_BLOCKS = YES;
				GCC_WARN_64_TO_32_BIT_CONVERSION = YES;
				GCC_WARN_ABOUT_RETURN_TYPE = YES_ERROR;
				GCC_WARN_UNDECLARED_SELECTOR = YES;
				GCC_WARN_UNINITIALIZED_AUTOS = YES_AGGRESSIVE;
				GCC_WARN_UNUSED_FUNCTION = YES;
				GCC_WARN_UNUSED_VARIABLE = YES;
				IPHONEOS_DEPLOYMENT_TARGET = 13.2;
				MTL_ENABLE_DEBUG_INFO = NO;
				MTL_FAST_MATH = YES;
				SDKROOT = iphoneos;
				SWIFT_COMPILATION_MODE = wholemodule;
				SWIFT_OPTIMIZATION_LEVEL = "-O";
				VALIDATE_PRODUCT = YES;
			};
			name = Release;
		};
		C1981C0F241D321500CEE4F1 /* Debug */ = {
			isa = XCBuildConfiguration;
			buildSettings = {
				ASSETCATALOG_COMPILER_APPICON_NAME = AppIcon;
				CODE_SIGN_ENTITLEMENTS = Weather/Weather.entitlements;
				"CODE_SIGN_IDENTITY[sdk=macosx*]" = "Apple Development";
				CODE_SIGN_STYLE = Automatic;
				DERIVE_MACCATALYST_PRODUCT_BUNDLE_IDENTIFIER = YES;
				DEVELOPMENT_TEAM = 5YDR2A7DL6;
				INFOPLIST_FILE = Weather/Info.plist;
				LD_RUNPATH_SEARCH_PATHS = (
					"$(inherited)",
					"@executable_path/Frameworks",
				);
				PRODUCT_BUNDLE_IDENTIFIER = com.AbsoluteZero.Weather;
				PRODUCT_NAME = "$(TARGET_NAME)";
				SUPPORTS_MACCATALYST = YES;
				SWIFT_VERSION = 5.0;
				TARGETED_DEVICE_FAMILY = "1,2";
			};
			name = Debug;
		};
		C1981C10241D321500CEE4F1 /* Release */ = {
			isa = XCBuildConfiguration;
			buildSettings = {
				ASSETCATALOG_COMPILER_APPICON_NAME = AppIcon;
				CODE_SIGN_ENTITLEMENTS = Weather/Weather.entitlements;
				"CODE_SIGN_IDENTITY[sdk=macosx*]" = "Apple Development";
				CODE_SIGN_STYLE = Automatic;
				DERIVE_MACCATALYST_PRODUCT_BUNDLE_IDENTIFIER = YES;
				DEVELOPMENT_TEAM = 5YDR2A7DL6;
				INFOPLIST_FILE = Weather/Info.plist;
				LD_RUNPATH_SEARCH_PATHS = (
					"$(inherited)",
					"@executable_path/Frameworks",
				);
				PRODUCT_BUNDLE_IDENTIFIER = com.AbsoluteZero.Weather;
				PRODUCT_NAME = "$(TARGET_NAME)";
				SUPPORTS_MACCATALYST = YES;
				SWIFT_VERSION = 5.0;
				TARGETED_DEVICE_FAMILY = "1,2";
			};
			name = Release;
		};
/* End XCBuildConfiguration section */

/* Begin XCConfigurationList section */
		C1981BF5241D321400CEE4F1 /* Build configuration list for PBXProject "Weather" */ = {
			isa = XCConfigurationList;
			buildConfigurations = (
				C1981C0C241D321500CEE4F1 /* Debug */,
				C1981C0D241D321500CEE4F1 /* Release */,
			);
			defaultConfigurationIsVisible = 0;
			defaultConfigurationName = Release;
		};
		C1981C0E241D321500CEE4F1 /* Build configuration list for PBXNativeTarget "Weather" */ = {
			isa = XCConfigurationList;
			buildConfigurations = (
				C1981C0F241D321500CEE4F1 /* Debug */,
				C1981C10241D321500CEE4F1 /* Release */,
			);
			defaultConfigurationIsVisible = 0;
			defaultConfigurationName = Release;
		};
/* End XCConfigurationList section */
	};
	rootObject = C1981BF2241D321400CEE4F1 /* Project object */;
}
